
Microsoft Visual Studio Solution File, Format Version 12.00
# Visual Studio Version 16
VisualStudioVersion = 16.0.32413.511
MinimumVisualStudioVersion = 10.0.40219.1
Project("{FAE04EC0-301F-11D3-BF4B-00C04F79EFBC}") = "sudokusolvereasy", "sudokusolvereasy\sudokusolvereasy.csproj", "{9302041D-C969-4AA1-82CE-D47A8B9A40B5}"
EndProject
Global
	GlobalSection(SolutionConfigurationPlatforms) = preSolution
		Debug|Any CPU = Debug|Any CPU
		Release|Any CPU = Release|Any CPU
	EndGlobalSection
	GlobalSection(ProjectConfigurationPlatforms) = postSolution
		{9302041D-C969-4AA1-82CE-D47A8B9A40B5}.Debug|Any CPU.ActiveCfg = Debug|Any CPU
		{9302041D-C969-4AA1-82CE-D47A8B9A40B5}.Debug|Any CPU.Build.0 = Debug|Any CPU
		{9302041D-C969-4AA1-82CE-D47A8B9A40B5}.Release|Any CPU.ActiveCfg = Release|Any CPU
		{9302041D-C969-4AA1-82CE-D47A8B9A40B5}.Release|Any CPU.Build.0 = Release|Any CPU
	EndGlobalSection
	GlobalSection(SolutionProperties) = preSolution
		HideSolutionNode = FALSE
	EndGlobalSection
	GlobalSection(ExtensibilityGlobals) = postSolution
		SolutionGuid = {DA1D4CBE-09C5-4783-A74B-10BFB5AB334B}
	EndGlobalSection
EndGlobal
